<?xml version="1.0" encoding="utf-8"?>
<Project ToolsVersion="4.0" xmlns="http://schemas.microsoft.com/developer/msbuild/2003">
  <ItemGroup>
    <Filter Include="Source Files">
      <UniqueIdentifier>{4FC737F1-C7A5-4376-A066-2A32D752A2FF}</UniqueIdentifier>
      <Extensions>cpp;c;cc;cxx;def;odl;idl;hpj;bat;asm;asmx</Extensions>
    </Filter>
    <Filter Include="Header Files">
      <UniqueIdentifier>{93995380-89BD-4b04-88EB-625FBE52EBFB}</UniqueIdentifier>
      <Extensions>h;hh;hpp;hxx;hm;inl;inc;xsd</Extensions>
    </Filter>
    <Filter Include="Resource Files">
      <UniqueIdentifier>{67DA6AB6-F800-4c08-8B7A-83BB121AAD01}</UniqueIdentifier>
      <Extensions>rc;ico;cur;bmp;dlg;rc2;rct;bin;rgs;gif;jpg;jpeg;jpe;resx;tiff;tif;png;wav;mfcribbon-ms</Extensions>
    </Filter>
  </ItemGroup>
  <ItemGroup>
    <ClInclude Include="targetver.h">
      <Filter>Header Files</Filter>
    </ClInclude>
    <ClInclude Include="HIDDevice.h">
      <Filter>Header Files</Filter>
    </ClInclude>
    <ClInclude Include="USBDevice.h">
      <Filter>Header Files</Filter>
    </ClInclude>
    <ClInclude Include="Tablet.h">
      <Filter>Header Files</Filter>
    </ClInclude>
    <ClInclude Include="ScreenMapper.h">
      <Filter>Header Files</Filter>
    </ClInclude>
    <ClInclude Include="VMulti.h">
      <Filter>Header Files</Filter>
    </ClInclude>
    <ClInclude Include="CommandLine.h">
      <Filter>Header Files</Filter>
    </ClInclude>
    <ClInclude Include="Logger.h">
      <Filter>Header Files</Filter>
    </ClInclude>
    <ClInclude Include="Vector2D.h">
      <Filter>Header Files</Filter>
    </ClInclude>
    <ClInclude Include="TabletFilterSmoothing.h">
      <Filter>Header Files</Filter>
    </ClInclude>
    <ClInclude Include="TabletFilter.h">
      <Filter>Header Files</Filter>
    </ClInclude>
    <ClInclude Include="TabletFilterNoiseReduction.h">
      <Filter>Header Files</Filter>
    </ClInclude>
    <ClInclude Include="TabletSettings.h">
      <Filter>Header Files</Filter>
    </ClInclude>
    <ClInclude Include="TabletFilterPeak.h">
      <Filter>Header Files</Filter>
    </ClInclude>
    <ClInclude Include="PositionRingBuffer.h">
      <Filter>Header Files</Filter>
    </ClInclude>
    <ClInclude Include="Output.h">
      <Filter>Header Files</Filter>
    </ClInclude>
    <ClInclude Include="OutputManager.h">
      <Filter>Header Files</Filter>
    </ClInclude>
    <ClInclude Include="OutputVMultiAbsolute.h">
      <Filter>Header Files</Filter>
    </ClInclude>
    <ClInclude Include="OutputVMultiRelative.h">
      <Filter>Header Files</Filter>
    </ClInclude>
    <ClInclude Include="RelativeMouseState.h">
      <Filter>Header Files</Filter>
    </ClInclude>
    <ClInclude Include="OutputSettings.h">
      <Filter>Header Files</Filter>
    </ClInclude>
    <ClInclude Include="TabletState.h">
      <Filter>Header Files</Filter>
    </ClInclude>
    <ClInclude Include="OutputVMultiDigitizer.h">
      <Filter>Header Files</Filter>
    </ClInclude>
    <ClInclude Include="OutputSendInputAbsolute.h">
      <Filter>Header Files</Filter>
    </ClInclude>
    <ClInclude Include="TabletMeasurement.h">
      <Filter>Header Files</Filter>
    </ClInclude>
    <ClInclude Include="TabletFilterAntiSmoothing.h">
      <Filter>Header Files</Filter>
    </ClInclude>
    <ClInclude Include="TabletFilterTester.h">
      <Filter>Header Files</Filter>
    </ClInclude>
    <ClInclude Include="OutputDummy.h">
      <Filter>Header Files</Filter>
    </ClInclude>
    <ClInclude Include="TabletHandler.h">
      <Filter>Header Files</Filter>
    </ClInclude>
    <ClInclude Include="TabletFilterGravity.h">
      <Filter>Header Files</Filter>
    </ClInclude>
    <ClInclude Include="Command.h">
      <Filter>Header Files</Filter>
    </ClInclude>
    <ClInclude Include="CommandHandler.h">
      <Filter>Header Files</Filter>
    </ClInclude>
    <ClInclude Include="DataFormatter.h">
      <Filter>Header Files</Filter>
    </ClInclude>
    <ClInclude Include="InputEmulator.h">
      <Filter>Header Files</Filter>
    </ClInclude>
    <ClInclude Include="TabletFilterAdvancedSmoothing.h">
      <Filter>Header Files</Filter>
    </ClInclude>
    <ClInclude Include="OutputSendInputRelative.h">
      <Filter>Header Files</Filter>
    </ClInclude>
    <ClInclude Include="OutputVMultiDigitizerRelative.h">
      <Filter>Header Files</Filter>
    </ClInclude>
    <ClInclude Include="NamedPipeServer.h">
      <Filter>Header Files</Filter>
    </ClInclude>
    <ClInclude Include="NamedPipeInput.h">
      <Filter>Header Files</Filter>
    </ClInclude>
    <ClInclude Include="NamedPipeState.h">
      <Filter>Header Files</Filter>
    </ClInclude>
    <ClInclude Include="Runnable.h">
      <Filter>Header Files</Filter>
    </ClInclude>
    <ClInclude Include="BufferQueue.h">
      <Filter>Header Files</Filter>
    </ClInclude>
    <ClInclude Include="precompiled.h">
      <Filter>Header Files</Filter>
    </ClInclude>
  </ItemGroup>
  <ItemGroup>
    <ClCompile Include="HIDDevice.cpp">
      <Filter>Source Files</Filter>
    </ClCompile>
    <ClCompile Include="USBDevice.cpp">
      <Filter>Source Files</Filter>
    </ClCompile>
    <ClCompile Include="Tablet.cpp">
      <Filter>Source Files</Filter>
    </ClCompile>
    <ClCompile Include="Main.cpp">
      <Filter>Source Files</Filter>
    </ClCompile>
    <ClCompile Include="ScreenMapper.cpp">
      <Filter>Source Files</Filter>
    </ClCompile>
    <ClCompile Include="VMulti.cpp">
      <Filter>Source Files</Filter>
    </ClCompile>
    <ClCompile Include="CommandLine.cpp">
      <Filter>Source Files</Filter>
    </ClCompile>
    <ClCompile Include="Logger.cpp">
      <Filter>Source Files</Filter>
    </ClCompile>
    <ClCompile Include="Vector2D.cpp">
      <Filter>Source Files</Filter>
    </ClCompile>
    <ClCompile Include="TabletFilterSmoothing.cpp">
      <Filter>Source Files</Filter>
    </ClCompile>
    <ClCompile Include="TabletFilter.cpp">
      <Filter>Source Files</Filter>
    </ClCompile>
    <ClCompile Include="TabletFilterNoiseReduction.cpp">
      <Filter>Source Files</Filter>
    </ClCompile>
    <ClCompile Include="TabletSettings.cpp">
      <Filter>Source Files</Filter>
    </ClCompile>
    <ClCompile Include="TabletFilterPeak.cpp">
      <Filter>Source Files</Filter>
    </ClCompile>
    <ClCompile Include="PositionRingBuffer.cpp">
      <Filter>Source Files</Filter>
    </ClCompile>
    <ClCompile Include="Output.cpp">
      <Filter>Source Files</Filter>
    </ClCompile>
    <ClCompile Include="OutputManager.cpp">
      <Filter>Source Files</Filter>
    </ClCompile>
    <ClCompile Include="OutputVMultiAbsolute.cpp">
      <Filter>Source Files</Filter>
    </ClCompile>
    <ClCompile Include="OutputVMultiRelative.cpp">
      <Filter>Source Files</Filter>
    </ClCompile>
    <ClCompile Include="RelativeMouseState.cpp">
      <Filter>Source Files</Filter>
    </ClCompile>
    <ClCompile Include="OutputSettings.cpp">
      <Filter>Source Files</Filter>
    </ClCompile>
    <ClCompile Include="TabletState.cpp">
      <Filter>Source Files</Filter>
    </ClCompile>
    <ClCompile Include="OutputVMultiDigitizer.cpp">
      <Filter>Source Files</Filter>
    </ClCompile>
    <ClCompile Include="OutputSendInputAbsolute.cpp">
      <Filter>Source Files</Filter>
    </ClCompile>
    <ClCompile Include="TabletMeasurement.cpp">
      <Filter>Source Files</Filter>
    </ClCompile>
    <ClCompile Include="TabletFilterAntiSmoothing.cpp">
      <Filter>Source Files</Filter>
    </ClCompile>
    <ClCompile Include="TabletFilterTester.cpp">
      <Filter>Source Files</Filter>
    </ClCompile>
    <ClCompile Include="OutputDummy.cpp">
      <Filter>Source Files</Filter>
    </ClCompile>
    <ClCompile Include="TabletHandler.cpp">
      <Filter>Source Files</Filter>
    </ClCompile>
    <ClCompile Include="TabletFilterGravity.cpp">
      <Filter>Source Files</Filter>
    </ClCompile>
    <ClCompile Include="Command.cpp">
      <Filter>Source Files</Filter>
    </ClCompile>
    <ClCompile Include="CommandHandler.cpp">
      <Filter>Source Files</Filter>
    </ClCompile>
    <ClCompile Include="CommandHandler.Device.cpp">
      <Filter>Source Files</Filter>
    </ClCompile>
    <ClCompile Include="CommandHandler.Filters.cpp">
      <Filter>Source Files</Filter>
    </ClCompile>
    <ClCompile Include="CommandHandler.Other.cpp">
      <Filter>Source Files</Filter>
    </ClCompile>
    <ClCompile Include="CommandHandler.Tablet.cpp">
      <Filter>Source Files</Filter>
    </ClCompile>
    <ClCompile Include="DataFormatter.cpp">
      <Filter>Source Files</Filter>
    </ClCompile>
    <ClCompile Include="InputEmulator.cpp">
      <Filter>Source Files</Filter>
    </ClCompile>
    <ClCompile Include="CommandHandler.Auxiliary.cpp">
      <Filter>Source Files</Filter>
    </ClCompile>
    <ClCompile Include="TabletFilterAdvancedSmoothing.cpp">
      <Filter>Source Files</Filter>
    </ClCompile>
    <ClCompile Include="OutputSendInputRelative.cpp">
      <Filter>Source Files</Filter>
    </ClCompile>
    <ClCompile Include="OutputVMultiDigitizerRelative.cpp">
      <Filter>Source Files</Filter>
    </ClCompile>
    <ClCompile Include="NamedPipeServer.cpp">
      <Filter>Source Files</Filter>
    </ClCompile>
    <ClCompile Include="NamedPipeInput.cpp">
      <Filter>Source Files</Filter>
    </ClCompile>
    <ClCompile Include="NamedPipeState.cpp">
      <Filter>Source Files</Filter>
    </ClCompile>
    <ClCompile Include="Runnable.cpp">
      <Filter>Source Files</Filter>
    </ClCompile>
    <ClCompile Include="BufferQueue.cpp">
      <Filter>Source Files</Filter>
    </ClCompile>
    <ClCompile Include="precompiled.cpp">
      <Filter>Source Files</Filter>
    </ClCompile>
  </ItemGroup>
  <ItemGroup>
    <None Include="config\init.cfg">
      <Filter>Resource Files</Filter>
    </None>
    <None Include="config\user.cfg">
      <Filter>Resource Files</Filter>
    </None>
    <None Include="config\tablet.cfg">
      <Filter>Resource Files</Filter>
    </None>
    <None Include="config\wacom.cfg">
      <Filter>Resource Files</Filter>
    </None>
    <None Include="config\serviceonly.cfg">
      <Filter>Resource Files</Filter>
    </None>
    <None Include="tools\DisableWacomDrivers.bat">
      <Filter>Resource Files</Filter>
    </None>
    <None Include="tools\EnableWacomDrivers.bat">
      <Filter>Resource Files</Filter>
    </None>
    <None Include="tools\RunServiceOnly.bat">
      <Filter>Resource Files</Filter>
    </None>
  </ItemGroup>
  <ItemGroup>
    <Text Include="docs\VMulti_Report_Descriptor.txt">
      <Filter>Resource Files</Filter>
    </Text>
    <Text Include="docs\VEIKK_VMulti_Descriptor.txt">
      <Filter>Resource Files</Filter>
    </Text>
  </ItemGroup>
</Project>